
Microsoft Visual Studio Solution File, Format Version 12.00
# Visual Studio Version 17
VisualStudioVersion = 17.2.32616.157
MinimumVisualStudioVersion = 10.0.40219.1
Project("{FAE04EC0-301F-11D3-BF4B-00C04F79EFBC}") = "UC5SnakeNLadder", "UC5SnakeNLadder\UC5SnakeNLadder.csproj", "{1F58CA13-6A65-4066-B941-19A9DD65018C}"
EndProject
Global
	GlobalSection(SolutionConfigurationPlatforms) = preSolution
		Debug|Any CPU = Debug|Any CPU
		Release|Any CPU = Release|Any CPU
	EndGlobalSection
	GlobalSection(ProjectConfigurationPlatforms) = postSolution
		{1F58CA13-6A65-4066-B941-19A9DD65018C}.Debug|Any CPU.ActiveCfg = Debug|Any CPU
		{1F58CA13-6A65-4066-B941-19A9DD65018C}.Debug|Any CPU.Build.0 = Debug|Any CPU
		{1F58CA13-6A65-4066-B941-19A9DD65018C}.Release|Any CPU.ActiveCfg = Release|Any CPU
		{1F58CA13-6A65-4066-B941-19A9DD65018C}.Release|Any CPU.Build.0 = Release|Any CPU
	EndGlobalSection
	GlobalSection(SolutionProperties) = preSolution
		HideSolutionNode = FALSE
	EndGlobalSection
	GlobalSection(ExtensibilityGlobals) = postSolution
		SolutionGuid = {AEBC2360-E770-4F52-9A20-F69E47C92C61}
	EndGlobalSection
EndGlobal
